// !$*UTF8*$!
{
	archiveVersion = 1;
	classes = {
	};
	objectVersion = 50;
	objects = {

/* Begin PBXBuildFile section */
		A437DAF120FCC29D00006B18 /* AppDelegate.swift in Sources */ = {isa = PBXBuildFile; fileRef = A437DAF020FCC29D00006B18 /* AppDelegate.swift */; };
		A437DAF320FCC29D00006B18 /* ViewController.swift in Sources */ = {isa = PBXBuildFile; fileRef = A437DAF220FCC29D00006B18 /* ViewController.swift */; };
		A437DAF620FCC29D00006B18 /* Main.storyboard in Resources */ = {isa = PBXBuildFile; fileRef = A437DAF420FCC29D00006B18 /* Main.storyboard */; };
		A437DAF820FCC29E00006B18 /* Assets.xcassets in Resources */ = {isa = PBXBuildFile; fileRef = A437DAF720FCC29E00006B18 /* Assets.xcassets */; };
		A437DAFB20FCC29E00006B18 /* LaunchScreen.storyboard in Resources */ = {isa = PBXBuildFile; fileRef = A437DAF920FCC29E00006B18 /* LaunchScreen.storyboard */; };
		A437DB0620FCC29E00006B18 /* nfcShareTests.swift in Sources */ = {isa = PBXBuildFile; fileRef = A437DB0520FCC29E00006B18 /* nfcShareTests.swift */; };
		A437DB1120FCC29E00006B18 /* nfcShareUITests.swift in Sources */ = {isa = PBXBuildFile; fileRef = A437DB1020FCC29E00006B18 /* nfcShareUITests.swift */; };
/* End PBXBuildFile section */

/* Begin PBXContainerItemProxy section */
		A437DB0220FCC29E00006B18 /* PBXContainerItemProxy */ = {
			isa = PBXContainerItemProxy;
			containerPortal = A437DAE520FCC29D00006B18 /* Project object */;
			proxyType = 1;
			remoteGlobalIDString = A437DAEC20FCC29D00006B18;
			remoteInfo = nfcShare;
		};
		A437DB0D20FCC29E00006B18 /* PBXContainerItemProxy */ = {
			isa = PBXContainerItemProxy;
			containerPortal = A437DAE520FCC29D00006B18 /* Project object */;
			proxyType = 1;
			remoteGlobalIDString = A437DAEC20FCC29D00006B18;
			remoteInfo = nfcShare;
		};
/* End PBXContainerItemProxy section */

/* Begin PBXFileReference section */
		A437DAED20FCC29D00006B18 /* nfcShare.app */ = {isa = PBXFileReference; explicitFileType = wrapper.application; includeInIndex = 0; path = nfcShare.app; sourceTree = BUILT_PRODUCTS_DIR; };
		A437DAF020FCC29D00006B18 /* AppDelegate.swift */ = {isa = PBXFileReference; lastKnownFileType = sourcecode.swift; path = AppDelegate.swift; sourceTree = "<group>"; };
		A437DAF220FCC29D00006B18 /* ViewController.swift */ = {isa = PBXFileReference; lastKnownFileType = sourcecode.swift; path = ViewController.swift; sourceTree = "<group>"; };
		A437DAF520FCC29D00006B18 /* Base */ = {isa = PBXFileReference; lastKnownFileType = file.storyboard; name = Base; path = Base.lproj/Main.storyboard; sourceTree = "<group>"; };
		A437DAF720FCC29E00006B18 /* Assets.xcassets */ = {isa = PBXFileReference; lastKnownFileType = folder.assetcatalog; path = Assets.xcassets; sourceTree = "<group>"; };
		A437DAFA20FCC29E00006B18 /* Base */ = {isa = PBXFileReference; lastKnownFileType = file.storyboard; name = Base; path = Base.lproj/LaunchScreen.storyboard; sourceTree = "<group>"; };
		A437DAFC20FCC29E00006B18 /* Info.plist */ = {isa = PBXFileReference; lastKnownFileType = text.plist.xml; path = Info.plist; sourceTree = "<group>"; };
		A437DB0120FCC29E00006B18 /* nfcShareTests.xctest */ = {isa = PBXFileReference; explicitFileType = wrapper.cfbundle; includeInIndex = 0; path = nfcShareTests.xctest; sourceTree = BUILT_PRODUCTS_DIR; };
		A437DB0520FCC29E00006B18 /* nfcShareTests.swift */ = {isa = PBXFileReference; lastKnownFileType = sourcecode.swift; path = nfcShareTests.swift; sourceTree = "<group>"; };
		A437DB0720FCC29E00006B18 /* Info.plist */ = {isa = PBXFileReference; lastKnownFileType = text.plist.xml; path = Info.plist; sourceTree = "<group>"; };
		A437DB0C20FCC29E00006B18 /* nfcShareUITests.xctest */ = {isa = PBXFileReference; explicitFileType = wrapper.cfbundle; includeInIndex = 0; path = nfcShareUITests.xctest; sourceTree = BUILT_PRODUCTS_DIR; };
		A437DB1020FCC29E00006B18 /* nfcShareUITests.swift */ = {isa = PBXFileReference; lastKnownFileType = sourcecode.swift; path = nfcShareUITests.swift; sourceTree = "<group>"; };
		A437DB1220FCC29E00006B18 /* Info.plist */ = {isa = PBXFileReference; lastKnownFileType = text.plist.xml; path = Info.plist; sourceTree = "<group>"; };
/* End PBXFileReference section */

/* Begin PBXFrameworksBuildPhase section */
		A437DAEA20FCC29D00006B18 /* Frameworks */ = {
			isa = PBXFrameworksBuildPhase;
			buildActionMask = 2147483647;
			files = (
			);
			runOnlyForDeploymentPostprocessing = 0;
		};
		A437DAFE20FCC29E00006B18 /* Frameworks */ = {
			isa = PBXFrameworksBuildPhase;
			buildActionMask = 2147483647;
			files = (
			);
			runOnlyForDeploymentPostprocessing = 0;
		};
		A437DB0920FCC29E00006B18 /* Frameworks */ = {
			isa = PBXFrameworksBuildPhase;
			buildActionMask = 2147483647;
			files = (
			);
			runOnlyForDeploymentPostprocessing = 0;
		};
/* End PBXFrameworksBuildPhase section */

/* Begin PBXGroup section */
		A437DAE420FCC29D00006B18 = {
			isa = PBXGroup;
			children = (
				A437DAEF20FCC29D00006B18 /* nfcShare */,
				A437DB0420FCC29E00006B18 /* nfcShareTests */,
				A437DB0F20FCC29E00006B18 /* nfcShareUITests */,
				A437DAEE20FCC29D00006B18 /* Products */,
			);
			sourceTree = "<group>";
		};
		A437DAEE20FCC29D00006B18 /* Products */ = {
			isa = PBXGroup;
			children = (
				A437DAED20FCC29D00006B18 /* nfcShare.app */,
				A437DB0120FCC29E00006B18 /* nfcShareTests.xctest */,
				A437DB0C20FCC29E00006B18 /* nfcShareUITests.xctest */,
			);
			name = Products;
			sourceTree = "<group>";
		};
		A437DAEF20FCC29D00006B18 /* nfcShare */ = {
			isa = PBXGroup;
			children = (
				A437DAF020FCC29D00006B18 /* AppDelegate.swift */,
				A437DAF220FCC29D00006B18 /* ViewController.swift */,
				A437DAF420FCC29D00006B18 /* Main.storyboard */,
				A437DAF720FCC29E00006B18 /* Assets.xcassets */,
				A437DAF920FCC29E00006B18 /* LaunchScreen.storyboard */,
				A437DAFC20FCC29E00006B18 /* Info.plist */,
			);
			path = nfcShare;
			sourceTree = "<group>";
		};
		A437DB0420FCC29E00006B18 /* nfcShareTests */ = {
			isa = PBXGroup;
			children = (
				A437DB0520FCC29E00006B18 /* nfcShareTests.swift */,
				A437DB0720FCC29E00006B18 /* Info.plist */,
			);
			path = nfcShareTests;
			sourceTree = "<group>";
		};
		A437DB0F20FCC29E00006B18 /* nfcShareUITests */ = {
			isa = PBXGroup;
			children = (
				A437DB1020FCC29E00006B18 /* nfcShareUITests.swift */,
				A437DB1220FCC29E00006B18 /* Info.plist */,
			);
			path = nfcShareUITests;
			sourceTree = "<group>";
		};
/* End PBXGroup section */

/* Begin PBXNativeTarget section */
		A437DAEC20FCC29D00006B18 /* nfcShare */ = {
			isa = PBXNativeTarget;
			buildConfigurationList = A437DB1520FCC29E00006B18 /* Build configuration list for PBXNativeTarget "nfcShare" */;
			buildPhases = (
				A437DAE920FCC29D00006B18 /* Sources */,
				A437DAEA20FCC29D00006B18 /* Frameworks */,
				A437DAEB20FCC29D00006B18 /* Resources */,
			);
			buildRules = (
			);
			dependencies = (
			);
			name = nfcShare;
			productName = nfcShare;
			productReference = A437DAED20FCC29D00006B18 /* nfcShare.app */;
			productType = "com.apple.product-type.application";
		};
		A437DB0020FCC29E00006B18 /* nfcShareTests */ = {
			isa = PBXNativeTarget;
			buildConfigurationList = A437DB1820FCC29E00006B18 /* Build configuration list for PBXNativeTarget "nfcShareTests" */;
			buildPhases = (
				A437DAFD20FCC29E00006B18 /* Sources */,
				A437DAFE20FCC29E00006B18 /* Frameworks */,
				A437DAFF20FCC29E00006B18 /* Resources */,
			);
			buildRules = (
			);
			dependencies = (
				A437DB0320FCC29E00006B18 /* PBXTargetDependency */,
			);
			name = nfcShareTests;
			productName = nfcShareTests;
			productReference = A437DB0120FCC29E00006B18 /* nfcShareTests.xctest */;
			productType = "com.apple.product-type.bundle.unit-test";
		};
		A437DB0B20FCC29E00006B18 /* nfcShareUITests */ = {
			isa = PBXNativeTarget;
			buildConfigurationList = A437DB1B20FCC29E00006B18 /* Build configuration list for PBXNativeTarget "nfcShareUITests" */;
			buildPhases = (
				A437DB0820FCC29E00006B18 /* Sources */,
				A437DB0920FCC29E00006B18 /* Frameworks */,
				A437DB0A20FCC29E00006B18 /* Resources */,
			);
			buildRules = (
			);
			dependencies = (
				A437DB0E20FCC29E00006B18 /* PBXTargetDependency */,
			);
			name = nfcShareUITests;
			productName = nfcShareUITests;
			productReference = A437DB0C20FCC29E00006B18 /* nfcShareUITests.xctest */;
			productType = "com.apple.product-type.bundle.ui-testing";
		};
/* End PBXNativeTarget section */

/* Begin PBXProject section */
		A437DAE520FCC29D00006B18 /* Project object */ = {
			isa = PBXProject;
			attributes = {
				LastSwiftUpdateCheck = 0940;
				LastUpgradeCheck = 0940;
				ORGANIZATIONNAME = umbrella;
				TargetAttributes = {
					A437DAEC20FCC29D00006B18 = {
						CreatedOnToolsVersion = 9.4.1;
					};
					A437DB0020FCC29E00006B18 = {
						CreatedOnToolsVersion = 9.4.1;
						TestTargetID = A437DAEC20FCC29D00006B18;
					};
					A437DB0B20FCC29E00006B18 = {
						CreatedOnToolsVersion = 9.4.1;
						TestTargetID = A437DAEC20FCC29D00006B18;
					};
				};
			};
			buildConfigurationList = A437DAE820FCC29D00006B18 /* Build configuration list for PBXProject "nfcShare" */;
			compatibilityVersion = "Xcode 9.3";
			developmentRegion = en;
			hasScannedForEncodings = 0;
			knownRegions = (
				en,
				Base,
			);
			mainGroup = A437DAE420FCC29D00006B18;
			productRefGroup = A437DAEE20FCC29D00006B18 /* Products */;
			projectDirPath = "";
			projectRoot = "";
			targets = (
				A437DAEC20FCC29D00006B18 /* nfcShare */,
				A437DB0020FCC29E00006B18 /* nfcShareTests */,
				A437DB0B20FCC29E00006B18 /* nfcShareUITests */,
			);
		};
/* End PBXProject section */

/* Begin PBXResourcesBuildPhase section */
		A437DAEB20FCC29D00006B18 /* Resources */ = {
			isa = PBXResourcesBuildPhase;
			buildActionMask = 2147483647;
			files = (
				A437DAFB20FCC29E00006B18 /* LaunchScreen.storyboard in Resources */,
				A437DAF820FCC29E00006B18 /* Assets.xcassets in Resources */,
				A437DAF620FCC29D00006B18 /* Main.storyboard in Resources */,
			);
			runOnlyForDeploymentPostprocessing = 0;
		};
		A437DAFF20FCC29E00006B18 /* Resources */ = {
			isa = PBXResourcesBuildPhase;
			buildActionMask = 2147483647;
			files = (
			);
			runOnlyForDeploymentPostprocessing = 0;
		};
		A437DB0A20FCC29E00006B18 /* Resources */ = {
			isa = PBXResourcesBuildPhase;
			buildActionMask = 2147483647;
			files = (
			);
			runOnlyForDeploymentPostprocessing = 0;
		};
/* End PBXResourcesBuildPhase section */

/* Begin PBXSourcesBuildPhase section */
		A437DAE920FCC29D00006B18 /* Sources */ = {
			isa = PBXSourcesBuildPhase;
			buildActionMask = 2147483647;
			files = (
				A437DAF320FCC29D00006B18 /* ViewController.swift in Sources */,
				A437DAF120FCC29D00006B18 /* AppDelegate.swift in Sources */,
			);
			runOnlyForDeploymentPostprocessing = 0;
		};
		A437DAFD20FCC29E00006B18 /* Sources */ = {
			isa = PBXSourcesBuildPhase;
			buildActionMask = 2147483647;
			files = (
				A437DB0620FCC29E00006B18 /* nfcShareTests.swift in Sources */,
			);
			runOnlyForDeploymentPostprocessing = 0;
		};
		A437DB0820FCC29E00006B18 /* Sources */ = {
			isa = PBXSourcesBuildPhase;
			buildActionMask = 2147483647;
			files = (
				A437DB1120FCC29E00006B18 /* nfcShareUITests.swift in Sources */,
			);
			runOnlyForDeploymentPostprocessing = 0;
		};
/* End PBXSourcesBuildPhase section */

/* Begin PBXTargetDependency section */
		A437DB0320FCC29E00006B18 /* PBXTargetDependency */ = {
			isa = PBXTargetDependency;
			target = A437DAEC20FCC29D00006B18 /* nfcShare */;
			targetProxy = A437DB0220FCC29E00006B18 /* PBXContainerItemProxy */;
		};
		A437DB0E20FCC29E00006B18 /* PBXTargetDependency */ = {
			isa = PBXTargetDependency;
			target = A437DAEC20FCC29D00006B18 /* nfcShare */;
			targetProxy = A437DB0D20FCC29E00006B18 /* PBXContainerItemProxy */;
		};
/* End PBXTargetDependency section */

/* Begin PBXVariantGroup section */
		A437DAF420FCC29D00006B18 /* Main.storyboard */ = {
			isa = PBXVariantGroup;
			children = (
				A437DAF520FCC29D00006B18 /* Base */,
			);
			name = Main.storyboard;
			sourceTree = "<group>";
		};
		A437DAF920FCC29E00006B18 /* LaunchScreen.storyboard */ = {
			isa = PBXVariantGroup;
			children = (
				A437DAFA20FCC29E00006B18 /* Base */,
			);
			name = LaunchScreen.storyboard;
			sourceTree = "<group>";
		};
/* End PBXVariantGroup section */

/* Begin XCBuildConfiguration section */
		A437DB1320FCC29E00006B18 /* Debug */ = {
			isa = XCBuildConfiguration;
			buildSettings = {
				ALWAYS_SEARCH_USER_PATHS = NO;
				CLANG_ANALYZER_NONNULL = YES;
				CLANG_ANALYZER_NUMBER_OBJECT_CONVERSION = YES_AGGRESSIVE;
				CLANG_CXX_LANGUAGE_STANDARD = "gnu++14";
				CLANG_CXX_LIBRARY = "libc++";
				CLANG_ENABLE_MODULES = YES;
				CLANG_ENABLE_OBJC_ARC = YES;
				CLANG_ENABLE_OBJC_WEAK = YES;
				CLANG_WARN_BLOCK_CAPTURE_AUTORELEASING = YES;
				CLANG_WARN_BOOL_CONVERSION = YES;
				CLANG_WARN_COMMA = YES;
				CLANG_WARN_CONSTANT_CONVERSION = YES;
				CLANG_WARN_DEPRECATED_OBJC_IMPLEMENTATIONS = YES;
				CLANG_WARN_DIRECT_OBJC_ISA_USAGE = YES_ERROR;
				CLANG_WARN_DOCUMENTATION_COMMENTS = YES;
				CLANG_WARN_EMPTY_BODY = YES;
				CLANG_WARN_ENUM_CONVERSION = YES;
				CLANG_WARN_INFINITE_RECURSION = YES;
				CLANG_WARN_INT_CONVERSION = YES;
				CLANG_WARN_NON_LITERAL_NULL_CONVERSION = YES;
				CLANG_WARN_OBJC_IMPLICIT_RETAIN_SELF = YES;
				CLANG_WARN_OBJC_LITERAL_CONVERSION = YES;
				CLANG_WARN_OBJC_ROOT_CLASS = YES_ERROR;
				CLANG_WARN_RANGE_LOOP_ANALYSIS = YES;
				CLANG_WARN_STRICT_PROTOTYPES = YES;
				CLANG_WARN_SUSPICIOUS_MOVE = YES;
				CLANG_WARN_UNGUARDED_AVAILABILITY = YES_AGGRESSIVE;
				CLANG_WARN_UNREACHABLE_CODE = YES;
				CLANG_WARN__DUPLICATE_METHOD_MATCH = YES;
				CODE_SIGN_IDENTITY = "iPhone Developer";
				COPY_PHASE_STRIP = NO;
				DEBUG_INFORMATION_FORMAT = dwarf;
				ENABLE_STRICT_OBJC_MSGSEND = YES;
				ENABLE_TESTABILITY = YES;
				GCC_C_LANGUAGE_STANDARD = gnu11;
				GCC_DYNAMIC_NO_PIC = NO;
				GCC_NO_COMMON_BLOCKS = YES;
				GCC_OPTIMIZATION_LEVEL = 0;
				GCC_PREPROCESSOR_DEFINITIONS = (
					"DEBUG=1",
					"$(inherited)",
				);
				GCC_WARN_64_TO_32_BIT_CONVERSION = YES;
				GCC_WARN_ABOUT_RETURN_TYPE = YES_ERROR;
				GCC_WARN_UNDECLARED_SELECTOR = YES;
				GCC_WARN_UNINITIALIZED_AUTOS = YES_AGGRESSIVE;
				GCC_WARN_UNUSED_FUNCTION = YES;
				GCC_WARN_UNUSED_VARIABLE = YES;
				IPHONEOS_DEPLOYMENT_TARGET = 11.4;
				MTL_ENABLE_DEBUG_INFO = YES;
				ONLY_ACTIVE_ARCH = YES;
				SDKROOT = iphoneos;
				SWIFT_ACTIVE_COMPILATION_CONDITIONS = DEBUG;
				SWIFT_OPTIMIZATION_LEVEL = "-Onone";
			};
			name = Debug;
		};
		A437DB1420FCC29E00006B18 /* Release */ = {
			isa = XCBuildConfiguration;
			buildSettings = {
				ALWAYS_SEARCH_USER_PATHS = NO;
				CLANG_ANALYZER_NONNULL = YES;
				CLANG_ANALYZER_NUMBER_OBJECT_CONVERSION = YES_AGGRESSIVE;
				CLANG_CXX_LANGUAGE_STANDARD = "gnu++14";
				CLANG_CXX_LIBRARY = "libc++";
				CLANG_ENABLE_MODULES = YES;
				CLANG_ENABLE_OBJC_ARC = YES;
				CLANG_ENABLE_OBJC_WEAK = YES;
				CLANG_WARN_BLOCK_CAPTURE_AUTORELEASING = YES;
				CLANG_WARN_BOOL_CONVERSION = YES;
				CLANG_WARN_COMMA = YES;
				CLANG_WARN_CONSTANT_CONVERSION = YES;
				CLANG_WARN_DEPRECATED_OBJC_IMPLEMENTATIONS = YES;
				CLANG_WARN_DIRECT_OBJC_ISA_USAGE = YES_ERROR;
				CLANG_WARN_DOCUMENTATION_COMMENTS = YES;
				CLANG_WARN_EMPTY_BODY = YES;
				CLANG_WARN_ENUM_CONVERSION = YES;
				CLANG_WARN_INFINITE_RECURSION = YES;
				CLANG_WARN_INT_CONVERSION = YES;
				CLANG_WARN_NON_LITERAL_NULL_CONVERSION = YES;
				CLANG_WARN_OBJC_IMPLICIT_RETAIN_SELF = YES;
				CLANG_WARN_OBJC_LITERAL_CONVERSION = YES;
				CLANG_WARN_OBJC_ROOT_CLASS = YES_ERROR;
				CLANG_WARN_RANGE_LOOP_ANALYSIS = YES;
				CLANG_WARN_STRICT_PROTOTYPES = YES;
				CLANG_WARN_SUSPICIOUS_MOVE = YES;
				CLANG_WARN_UNGUARDED_AVAILABILITY = YES_AGGRESSIVE;
				CLANG_WARN_UNREACHABLE_CODE = YES;
				CLANG_WARN__DUPLICATE_METHOD_MATCH = YES;
				CODE_SIGN_IDENTITY = "iPhone Developer";
				COPY_PHASE_STRIP = NO;
				DEBUG_INFORMATION_FORMAT = "dwarf-with-dsym";
				ENABLE_NS_ASSERTIONS = NO;
				ENABLE_STRICT_OBJC_MSGSEND = YES;
				GCC_C_LANGUAGE_STANDARD = gnu11;
				GCC_NO_COMMON_BLOCKS = YES;
				GCC_WARN_64_TO_32_BIT_CONVERSION = YES;
				GCC_WARN_ABOUT_RETURN_TYPE = YES_ERROR;
				GCC_WARN_UNDECLARED_SELECTOR = YES;
				GCC_WARN_UNINITIALIZED_AUTOS = YES_AGGRESSIVE;
				GCC_WARN_UNUSED_FUNCTION = YES;
				GCC_WARN_UNUSED_VARIABLE = YES;
				IPHONEOS_DEPLOYMENT_TARGET = 11.4;
				MTL_ENABLE_DEBUG_INFO = NO;
				SDKROOT = iphoneos;
				SWIFT_COMPILATION_MODE = wholemodule;
				SWIFT_OPTIMIZATION_LEVEL = "-O";
				VALIDATE_PRODUCT = YES;
			};
			name = Release;
		};
		A437DB1620FCC29E00006B18 /* Debug */ = {
			isa = XCBuildConfiguration;
			buildSettings = {
				ASSETCATALOG_COMPILER_APPICON_NAME = AppIcon;
				CODE_SIGN_STYLE = Automatic;
				DEVELOPMENT_TEAM = 62UUS6482X;
				INFOPLIST_FILE = nfcShare/Info.plist;
				LD_RUNPATH_SEARCH_PATHS = (
					"$(inherited)",
					"@executable_path/Frameworks",
				);
				PRODUCT_BUNDLE_IDENTIFIER = com.umbrella.nfcShare;
				PRODUCT_NAME = "$(TARGET_NAME)";
				SWIFT_VERSION = 4.0;
				TARGETED_DEVICE_FAMILY = "1,2";
			};
			name = Debug;
		};
		A437DB1720FCC29E00006B18 /* Release */ = {
			isa = XCBuildConfiguration;
			buildSettings = {
				ASSETCATALOG_COMPILER_APPICON_NAME = AppIcon;
				CODE_SIGN_STYLE = Automatic;
				DEVELOPMENT_TEAM = 62UUS6482X;
				INFOPLIST_FILE = nfcShare/Info.plist;
				LD_RUNPATH_SEARCH_PATHS = (
					"$(inherited)",
					"@executable_path/Frameworks",
				);
				PRODUCT_BUNDLE_IDENTIFIER = com.umbrella.nfcShare;
				PRODUCT_NAME = "$(TARGET_NAME)";
				SWIFT_VERSION = 4.0;
				TARGETED_DEVICE_FAMILY = "1,2";
			};
			name = Release;
		};
		A437DB1920FCC29E00006B18 /* Debug */ = {
			isa = XCBuildConfiguration;
			buildSettings = {
				ALWAYS_EMBED_SWIFT_STANDARD_LIBRARIES = YES;
				BUNDLE_LOADER = "$(TEST_HOST)";
				CODE_SIGN_STYLE = Automatic;
				DEVELOPMENT_TEAM = 62UUS6482X;
				INFOPLIST_FILE = nfcShareTests/Info.plist;
				LD_RUNPATH_SEARCH_PATHS = (
					"$(inherited)",
					"@executable_path/Frameworks",
					"@loader_path/Frameworks",
				);
				PRODUCT_BUNDLE_IDENTIFIER = com.umbrella.nfcShareTests;
				PRODUCT_NAME = "$(TARGET_NAME)";
				SWIFT_VERSION = 4.0;
				TARGETED_DEVICE_FAMILY = "1,2";
				TEST_HOST = "$(BUILT_PRODUCTS_DIR)/nfcShare.app/nfcShare";
			};
			name = Debug;
		};
		A437DB1A20FCC29E00006B18 /* Release */ = {
			isa = XCBuildConfiguration;
			buildSettings = {
				ALWAYS_EMBED_SWIFT_STANDARD_LIBRARIES = YES;
				BUNDLE_LOADER = "$(TEST_HOST)";
				CODE_SIGN_STYLE = Automatic;
				DEVELOPMENT_TEAM = 62UUS6482X;
				INFOPLIST_FILE = nfcShareTests/Info.plist;
				LD_RUNPATH_SEARCH_PATHS = (
					"$(inherited)",
					"@executable_path/Frameworks",
					"@loader_path/Frameworks",
				);
				PRODUCT_BUNDLE_IDENTIFIER = com.umbrella.nfcShareTests;
				PRODUCT_NAME = "$(TARGET_NAME)";
				SWIFT_VERSION = 4.0;
				TARGETED_DEVICE_FAMILY = "1,2";
				TEST_HOST = "$(BUILT_PRODUCTS_DIR)/nfcShare.app/nfcShare";
			};
			name = Release;
		};
		A437DB1C20FCC29E00006B18 /* Debug */ = {
			isa = XCBuildConfiguration;
			buildSettings = {
				ALWAYS_EMBED_SWIFT_STANDARD_LIBRARIES = YES;
				CODE_SIGN_STYLE = Automatic;
				DEVELOPMENT_TEAM = 62UUS6482X;
				INFOPLIST_FILE = nfcShareUITests/Info.plist;
				LD_RUNPATH_SEARCH_PATHS = (
					"$(inherited)",
					"@executable_path/Frameworks",
					"@loader_path/Frameworks",
				);
				PRODUCT_BUNDLE_IDENTIFIER = com.umbrella.nfcShareUITests;
				PRODUCT_NAME = "$(TARGET_NAME)";
				SWIFT_VERSION = 4.0;
				TARGETED_DEVICE_FAMILY = "1,2";
				TEST_TARGET_NAME = nfcShare;
			};
			name = Debug;
		};
		A437DB1D20FCC29E00006B18 /* Release */ = {
			isa = XCBuildConfiguration;
			buildSettings = {
				ALWAYS_EMBED_SWIFT_STANDARD_LIBRARIES = YES;
				CODE_SIGN_STYLE = Automatic;
				DEVELOPMENT_TEAM = 62UUS6482X;
				INFOPLIST_FILE = nfcShareUITests/Info.plist;
				LD_RUNPATH_SEARCH_PATHS = (
					"$(inherited)",
					"@executable_path/Frameworks",
					"@loader_path/Frameworks",
				);
				PRODUCT_BUNDLE_IDENTIFIER = com.umbrella.nfcShareUITests;
				PRODUCT_NAME = "$(TARGET_NAME)";
				SWIFT_VERSION = 4.0;
				TARGETED_DEVICE_FAMILY = "1,2";
				TEST_TARGET_NAME = nfcShare;
			};
			name = Release;
		};
/* End XCBuildConfiguration section */

/* Begin XCConfigurationList section */
		A437DAE820FCC29D00006B18 /* Build configuration list for PBXProject "nfcShare" */ = {
			isa = XCConfigurationList;
			buildConfigurations = (
				A437DB1320FCC29E00006B18 /* Debug */,
				A437DB1420FCC29E00006B18 /* Release */,
			);
			defaultConfigurationIsVisible = 0;
			defaultConfigurationName = Release;
		};
		A437DB1520FCC29E00006B18 /* Build configuration list for PBXNativeTarget "nfcShare" */ = {
			isa = XCConfigurationList;
			buildConfigurations = (
				A437DB1620FCC29E00006B18 /* Debug */,
				A437DB1720FCC29E00006B18 /* Release */,
			);
			defaultConfigurationIsVisible = 0;
			defaultConfigurationName = Release;
		};
		A437DB1820FCC29E00006B18 /* Build configuration list for PBXNativeTarget "nfcShareTests" */ = {
			isa = XCConfigurationList;
			buildConfigurations = (
				A437DB1920FCC29E00006B18 /* Debug */,
				A437DB1A20FCC29E00006B18 /* Release */,
			);
			defaultConfigurationIsVisible = 0;
			defaultConfigurationName = Release;
		};
		A437DB1B20FCC29E00006B18 /* Build configuration list for PBXNativeTarget "nfcShareUITests" */ = {
			isa = XCConfigurationList;
			buildConfigurations = (
				A437DB1C20FCC29E00006B18 /* Debug */,
				A437DB1D20FCC29E00006B18 /* Release */,
			);
			defaultConfigurationIsVisible = 0;
			defaultConfigurationName = Release;
		};
/* End XCConfigurationList section */
	};
	rootObject = A437DAE520FCC29D00006B18 /* Project object */;
}
